
Microsoft Visual Studio Solution File, Format Version 12.00
# Visual Studio Version 17
VisualStudioVersion = 17.9.34622.214
MinimumVisualStudioVersion = 10.0.40219.1
Project("{FAE04EC0-301F-11D3-BF4B-00C04F79EFBC}") = "FreelancerApp", "FreelancerApp.csproj", "{DE5C60DB-61B4-42FF-AC2A-40D823299052}"
EndProject
Global
	GlobalSection(SolutionConfigurationPlatforms) = preSolution
		Debug|Any CPU = Debug|Any CPU
		Release|Any CPU = Release|Any CPU
	EndGlobalSection
	GlobalSection(ProjectConfigurationPlatforms) = postSolution
		{DE5C60DB-61B4-42FF-AC2A-40D823299052}.Debug|Any CPU.ActiveCfg = Debug|Any CPU
		{DE5C60DB-61B4-42FF-AC2A-40D823299052}.Debug|Any CPU.Build.0 = Debug|Any CPU
		{DE5C60DB-61B4-42FF-AC2A-40D823299052}.Release|Any CPU.ActiveCfg = Release|Any CPU
		{DE5C60DB-61B4-42FF-AC2A-40D823299052}.Release|Any CPU.Build.0 = Release|Any CPU
	EndGlobalSection
	GlobalSection(SolutionProperties) = preSolution
		HideSolutionNode = FALSE
	EndGlobalSection
	GlobalSection(ExtensibilityGlobals) = postSolution
		SolutionGuid = {0F21F6F2-13B4-4D06-99F0-F3DD39F66566}
	EndGlobalSection
EndGlobal
